// !$*UTF8*$!
{
	archiveVersion = 1;
	classes = {
	};
	objectVersion = 55;
	objects = {

/* Begin PBXBuildFile section */
		92487E44279F2B0400675355 /* AbsenceRecorder.swift in Sources */ = {isa = PBXBuildFile; fileRef = 92487E43279F2B0400675355 /* AbsenceRecorder.swift */; };
		92487E46279F2B0400675355 /* DivisionsView.swift in Sources */ = {isa = PBXBuildFile; fileRef = 92487E45279F2B0400675355 /* DivisionsView.swift */; };
		92487E48279F2B0700675355 /* Assets.xcassets in Resources */ = {isa = PBXBuildFile; fileRef = 92487E47279F2B0700675355 /* Assets.xcassets */; };
		92487E4B279F2B0700675355 /* Preview Assets.xcassets in Resources */ = {isa = PBXBuildFile; fileRef = 92487E4A279F2B0700675355 /* Preview Assets.xcassets */; };
		92487E55279F2B0700675355 /* AbsenceRecorderTests.swift in Sources */ = {isa = PBXBuildFile; fileRef = 92487E54279F2B0700675355 /* AbsenceRecorderTests.swift */; };
		92487E5F279F2B0700675355 /* AbsenceRecorderUITests.swift in Sources */ = {isa = PBXBuildFile; fileRef = 92487E5E279F2B0700675355 /* AbsenceRecorderUITests.swift */; };
		92487E61279F2B0700675355 /* AbsenceRecorderUITestsLaunchTests.swift in Sources */ = {isa = PBXBuildFile; fileRef = 92487E60279F2B0700675355 /* AbsenceRecorderUITestsLaunchTests.swift */; };
		92487E70279F469600675355 /* Student.swift in Sources */ = {isa = PBXBuildFile; fileRef = 92487E6F279F469600675355 /* Student.swift */; };
		92487E72279F472200675355 /* Division.swift in Sources */ = {isa = PBXBuildFile; fileRef = 92487E71279F472200675355 /* Division.swift */; };
		92487E7527A0B20800675355 /* Date.swift in Sources */ = {isa = PBXBuildFile; fileRef = 92487E7427A0B20800675355 /* Date.swift */; };
		92487E7727A0B6BF00675355 /* DivisionItem.swift in Sources */ = {isa = PBXBuildFile; fileRef = 92487E7627A0B6BF00675355 /* DivisionItem.swift */; };
		926EF90827A9C2A200BA0010 /* AbsenceView.swift in Sources */ = {isa = PBXBuildFile; fileRef = 926EF90727A9C2A200BA0010 /* AbsenceView.swift */; };
		926EF90A27A9C3CE00BA0010 /* RootTabView.swift in Sources */ = {isa = PBXBuildFile; fileRef = 926EF90927A9C3CE00BA0010 /* RootTabView.swift */; };
		926EF90C27A9C48D00BA0010 /* StatisticsView.swift in Sources */ = {isa = PBXBuildFile; fileRef = 926EF90B27A9C48D00BA0010 /* StatisticsView.swift */; };
		926EF90E27A9C5FF00BA0010 /* StateController.swift in Sources */ = {isa = PBXBuildFile; fileRef = 926EF90D27A9C5FF00BA0010 /* StateController.swift */; };
		926EF91027AC5B8600BA0010 /* AbsenceItem.swift in Sources */ = {isa = PBXBuildFile; fileRef = 926EF90F27AC5B8600BA0010 /* AbsenceItem.swift */; };
		926EF91227AC5DE400BA0010 /* StudentAbsence.swift in Sources */ = {isa = PBXBuildFile; fileRef = 926EF91127AC5DE400BA0010 /* StudentAbsence.swift */; };
		926EF91427AC60CE00BA0010 /* Absence.swift in Sources */ = {isa = PBXBuildFile; fileRef = 926EF91327AC60CE00BA0010 /* Absence.swift */; };
		926EF91627AD4D9F00BA0010 /* DivisionTests.swift in Sources */ = {isa = PBXBuildFile; fileRef = 926EF91527AD4D9F00BA0010 /* DivisionTests.swift */; };
		926EF91827B5392900BA0010 /* FileManager.swift in Sources */ = {isa = PBXBuildFile; fileRef = 926EF91727B5392900BA0010 /* FileManager.swift */; };
/* End PBXBuildFile section */

/* Begin PBXContainerItemProxy section */
		92487E51279F2B0700675355 /* PBXContainerItemProxy */ = {
			isa = PBXContainerItemProxy;
			containerPortal = 92487E38279F2B0400675355 /* Project object */;
			proxyType = 1;
			remoteGlobalIDString = 92487E3F279F2B0400675355;
			remoteInfo = AbsenceRecorder;
		};
		92487E5B279F2B0700675355 /* PBXContainerItemProxy */ = {
			isa = PBXContainerItemProxy;
			containerPortal = 92487E38279F2B0400675355 /* Project object */;
			proxyType = 1;
			remoteGlobalIDString = 92487E3F279F2B0400675355;
			remoteInfo = AbsenceRecorder;
		};
/* End PBXContainerItemProxy section */

/* Begin PBXFileReference section */
		92487E40279F2B0400675355 /* AbsenceRecorder.app */ = {isa = PBXFileReference; explicitFileType = wrapper.application; includeInIndex = 0; path = AbsenceRecorder.app; sourceTree = BUILT_PRODUCTS_DIR; };
		92487E43279F2B0400675355 /* AbsenceRecorder.swift */ = {isa = PBXFileReference; lastKnownFileType = sourcecode.swift; path = AbsenceRecorder.swift; sourceTree = "<group>"; };
		92487E45279F2B0400675355 /* DivisionsView.swift */ = {isa = PBXFileReference; lastKnownFileType = sourcecode.swift; path = DivisionsView.swift; sourceTree = "<group>"; };
		92487E47279F2B0700675355 /* Assets.xcassets */ = {isa = PBXFileReference; lastKnownFileType = folder.assetcatalog; path = Assets.xcassets; sourceTree = "<group>"; };
		92487E4A279F2B0700675355 /* Preview Assets.xcassets */ = {isa = PBXFileReference; lastKnownFileType = folder.assetcatalog; path = "Preview Assets.xcassets"; sourceTree = "<group>"; };
		92487E50279F2B0700675355 /* AbsenceRecorderTests.xctest */ = {isa = PBXFileReference; explicitFileType = wrapper.cfbundle; includeInIndex = 0; path = AbsenceRecorderTests.xctest; sourceTree = BUILT_PRODUCTS_DIR; };
		92487E54279F2B0700675355 /* AbsenceRecorderTests.swift */ = {isa = PBXFileReference; lastKnownFileType = sourcecode.swift; path = AbsenceRecorderTests.swift; sourceTree = "<group>"; };
		92487E5A279F2B0700675355 /* AbsenceRecorderUITests.xctest */ = {isa = PBXFileReference; explicitFileType = wrapper.cfbundle; includeInIndex = 0; path = AbsenceRecorderUITests.xctest; sourceTree = BUILT_PRODUCTS_DIR; };
		92487E5E279F2B0700675355 /* AbsenceRecorderUITests.swift */ = {isa = PBXFileReference; lastKnownFileType = sourcecode.swift; path = AbsenceRecorderUITests.swift; sourceTree = "<group>"; };
		92487E60279F2B0700675355 /* AbsenceRecorderUITestsLaunchTests.swift */ = {isa = PBXFileReference; lastKnownFileType = sourcecode.swift; path = AbsenceRecorderUITestsLaunchTests.swift; sourceTree = "<group>"; };
		92487E6F279F469600675355 /* Student.swift */ = {isa = PBXFileReference; lastKnownFileType = sourcecode.swift; path = Student.swift; sourceTree = "<group>"; };
		92487E71279F472200675355 /* Division.swift */ = {isa = PBXFileReference; lastKnownFileType = sourcecode.swift; path = Division.swift; sourceTree = "<group>"; };
		92487E7427A0B20800675355 /* Date.swift */ = {isa = PBXFileReference; lastKnownFileType = sourcecode.swift; path = Date.swift; sourceTree = "<group>"; };
		92487E7627A0B6BF00675355 /* DivisionItem.swift */ = {isa = PBXFileReference; lastKnownFileType = sourcecode.swift; path = DivisionItem.swift; sourceTree = "<group>"; };
		926EF90727A9C2A200BA0010 /* AbsenceView.swift */ = {isa = PBXFileReference; lastKnownFileType = sourcecode.swift; path = AbsenceView.swift; sourceTree = "<group>"; };
		926EF90927A9C3CE00BA0010 /* RootTabView.swift */ = {isa = PBXFileReference; lastKnownFileType = sourcecode.swift; path = RootTabView.swift; sourceTree = "<group>"; };
		926EF90B27A9C48D00BA0010 /* StatisticsView.swift */ = {isa = PBXFileReference; lastKnownFileType = sourcecode.swift; path = StatisticsView.swift; sourceTree = "<group>"; };
		926EF90D27A9C5FF00BA0010 /* StateController.swift */ = {isa = PBXFileReference; lastKnownFileType = sourcecode.swift; path = StateController.swift; sourceTree = "<group>"; };
		926EF90F27AC5B8600BA0010 /* AbsenceItem.swift */ = {isa = PBXFileReference; lastKnownFileType = sourcecode.swift; path = AbsenceItem.swift; sourceTree = "<group>"; };
		926EF91127AC5DE400BA0010 /* StudentAbsence.swift */ = {isa = PBXFileReference; lastKnownFileType = sourcecode.swift; path = StudentAbsence.swift; sourceTree = "<group>"; };
		926EF91327AC60CE00BA0010 /* Absence.swift */ = {isa = PBXFileReference; lastKnownFileType = sourcecode.swift; path = Absence.swift; sourceTree = "<group>"; };
		926EF91527AD4D9F00BA0010 /* DivisionTests.swift */ = {isa = PBXFileReference; lastKnownFileType = sourcecode.swift; path = DivisionTests.swift; sourceTree = "<group>"; };
		926EF91727B5392900BA0010 /* FileManager.swift */ = {isa = PBXFileReference; lastKnownFileType = sourcecode.swift; path = FileManager.swift; sourceTree = "<group>"; };
/* End PBXFileReference section */

/* Begin PBXFrameworksBuildPhase section */
		92487E3D279F2B0400675355 /* Frameworks */ = {
			isa = PBXFrameworksBuildPhase;
			buildActionMask = 2147483647;
			files = (
			);
			runOnlyForDeploymentPostprocessing = 0;
		};
		92487E4D279F2B0700675355 /* Frameworks */ = {
			isa = PBXFrameworksBuildPhase;
			buildActionMask = 2147483647;
			files = (
			);
			runOnlyForDeploymentPostprocessing = 0;
		};
		92487E57279F2B0700675355 /* Frameworks */ = {
			isa = PBXFrameworksBuildPhase;
			buildActionMask = 2147483647;
			files = (
			);
			runOnlyForDeploymentPostprocessing = 0;
		};
/* End PBXFrameworksBuildPhase section */

/* Begin PBXGroup section */
		92487E37279F2B0400675355 = {
			isa = PBXGroup;
			children = (
				92487E42279F2B0400675355 /* AbsenceRecorder */,
				92487E53279F2B0700675355 /* AbsenceRecorderTests */,
				92487E5D279F2B0700675355 /* AbsenceRecorderUITests */,
				92487E41279F2B0400675355 /* Products */,
			);
			sourceTree = "<group>";
		};
		92487E41279F2B0400675355 /* Products */ = {
			isa = PBXGroup;
			children = (
				92487E40279F2B0400675355 /* AbsenceRecorder.app */,
				92487E50279F2B0700675355 /* AbsenceRecorderTests.xctest */,
				92487E5A279F2B0700675355 /* AbsenceRecorderUITests.xctest */,
			);
			name = Products;
			sourceTree = "<group>";
		};
		92487E42279F2B0400675355 /* AbsenceRecorder */ = {
			isa = PBXGroup;
			children = (
				92487E7327A0B1E700675355 /* Extensions */,
				92487E6E279F464800675355 /* View */,
				92487E6D279F463600675355 /* Model */,
				92487E43279F2B0400675355 /* AbsenceRecorder.swift */,
				92487E47279F2B0700675355 /* Assets.xcassets */,
				92487E49279F2B0700675355 /* Preview Content */,
				926EF90D27A9C5FF00BA0010 /* StateController.swift */,
			);
			path = AbsenceRecorder;
			sourceTree = "<group>";
		};
		92487E49279F2B0700675355 /* Preview Content */ = {
			isa = PBXGroup;
			children = (
				92487E4A279F2B0700675355 /* Preview Assets.xcassets */,
			);
			path = "Preview Content";
			sourceTree = "<group>";
		};
		92487E53279F2B0700675355 /* AbsenceRecorderTests */ = {
			isa = PBXGroup;
			children = (
				92487E54279F2B0700675355 /* AbsenceRecorderTests.swift */,
				926EF91527AD4D9F00BA0010 /* DivisionTests.swift */,
			);
			path = AbsenceRecorderTests;
			sourceTree = "<group>";
		};
		92487E5D279F2B0700675355 /* AbsenceRecorderUITests */ = {
			isa = PBXGroup;
			children = (
				92487E5E279F2B0700675355 /* AbsenceRecorderUITests.swift */,
				92487E60279F2B0700675355 /* AbsenceRecorderUITestsLaunchTests.swift */,
			);
			path = AbsenceRecorderUITests;
			sourceTree = "<group>";
		};
		92487E6D279F463600675355 /* Model */ = {
			isa = PBXGroup;
			children = (
				92487E6F279F469600675355 /* Student.swift */,
				92487E71279F472200675355 /* Division.swift */,
				926EF91127AC5DE400BA0010 /* StudentAbsence.swift */,
				926EF91327AC60CE00BA0010 /* Absence.swift */,
			);
			path = Model;
			sourceTree = "<group>";
		};
		92487E6E279F464800675355 /* View */ = {
			isa = PBXGroup;
			children = (
				92487E45279F2B0400675355 /* DivisionsView.swift */,
				92487E7627A0B6BF00675355 /* DivisionItem.swift */,
				926EF90727A9C2A200BA0010 /* AbsenceView.swift */,
				926EF90927A9C3CE00BA0010 /* RootTabView.swift */,
				926EF90B27A9C48D00BA0010 /* StatisticsView.swift */,
				926EF90F27AC5B8600BA0010 /* AbsenceItem.swift */,
			);
			path = View;
			sourceTree = "<group>";
		};
		92487E7327A0B1E700675355 /* Extensions */ = {
			isa = PBXGroup;
			children = (
				92487E7427A0B20800675355 /* Date.swift */,
				926EF91727B5392900BA0010 /* FileManager.swift */,
			);
			path = Extensions;
			sourceTree = "<group>";
		};
/* End PBXGroup section */

/* Begin PBXNativeTarget section */
		92487E3F279F2B0400675355 /* AbsenceRecorder */ = {
			isa = PBXNativeTarget;
			buildConfigurationList = 92487E64279F2B0700675355 /* Build configuration list for PBXNativeTarget "AbsenceRecorder" */;
			buildPhases = (
				92487E3C279F2B0400675355 /* Sources */,
				92487E3D279F2B0400675355 /* Frameworks */,
				92487E3E279F2B0400675355 /* Resources */,
			);
			buildRules = (
			);
			dependencies = (
			);
			name = AbsenceRecorder;
			productName = AbsenceRecorder;
			productReference = 92487E40279F2B0400675355 /* AbsenceRecorder.app */;
			productType = "com.apple.product-type.application";
		};
		92487E4F279F2B0700675355 /* AbsenceRecorderTests */ = {
			isa = PBXNativeTarget;
			buildConfigurationList = 92487E67279F2B0700675355 /* Build configuration list for PBXNativeTarget "AbsenceRecorderTests" */;
			buildPhases = (
				92487E4C279F2B0700675355 /* Sources */,
				92487E4D279F2B0700675355 /* Frameworks */,
				92487E4E279F2B0700675355 /* Resources */,
			);
			buildRules = (
			);
			dependencies = (
				92487E52279F2B0700675355 /* PBXTargetDependency */,
			);
			name = AbsenceRecorderTests;
			productName = AbsenceRecorderTests;
			productReference = 92487E50279F2B0700675355 /* AbsenceRecorderTests.xctest */;
			productType = "com.apple.product-type.bundle.unit-test";
		};
		92487E59279F2B0700675355 /* AbsenceRecorderUITests */ = {
			isa = PBXNativeTarget;
			buildConfigurationList = 92487E6A279F2B0700675355 /* Build configuration list for PBXNativeTarget "AbsenceRecorderUITests" */;
			buildPhases = (
				92487E56279F2B0700675355 /* Sources */,
				92487E57279F2B0700675355 /* Frameworks */,
				92487E58279F2B0700675355 /* Resources */,
			);
			buildRules = (
			);
			dependencies = (
				92487E5C279F2B0700675355 /* PBXTargetDependency */,
			);
			name = AbsenceRecorderUITests;
			productName = AbsenceRecorderUITests;
			productReference = 92487E5A279F2B0700675355 /* AbsenceRecorderUITests.xctest */;
			productType = "com.apple.product-type.bundle.ui-testing";
		};
/* End PBXNativeTarget section */

/* Begin PBXProject section */
		92487E38279F2B0400675355 /* Project object */ = {
			isa = PBXProject;
			attributes = {
				BuildIndependentTargetsInParallel = 1;
				LastSwiftUpdateCheck = 1300;
				LastUpgradeCheck = 1300;
				TargetAttributes = {
					92487E3F279F2B0400675355 = {
						CreatedOnToolsVersion = 13.0;
					};
					92487E4F279F2B0700675355 = {
						CreatedOnToolsVersion = 13.0;
						TestTargetID = 92487E3F279F2B0400675355;
					};
					92487E59279F2B0700675355 = {
						CreatedOnToolsVersion = 13.0;
						TestTargetID = 92487E3F279F2B0400675355;
					};
				};
			};
			buildConfigurationList = 92487E3B279F2B0400675355 /* Build configuration list for PBXProject "AbsenceRecorder" */;
			compatibilityVersion = "Xcode 13.0";
			developmentRegion = en;
			hasScannedForEncodings = 0;
			knownRegions = (
				en,
				Base,
			);
			mainGroup = 92487E37279F2B0400675355;
			productRefGroup = 92487E41279F2B0400675355 /* Products */;
			projectDirPath = "";
			projectRoot = "";
			targets = (
				92487E3F279F2B0400675355 /* AbsenceRecorder */,
				92487E4F279F2B0700675355 /* AbsenceRecorderTests */,
				92487E59279F2B0700675355 /* AbsenceRecorderUITests */,
			);
		};
/* End PBXProject section */

/* Begin PBXResourcesBuildPhase section */
		92487E3E279F2B0400675355 /* Resources */ = {
			isa = PBXResourcesBuildPhase;
			buildActionMask = 2147483647;
			files = (
				92487E4B279F2B0700675355 /* Preview Assets.xcassets in Resources */,
				92487E48279F2B0700675355 /* Assets.xcassets in Resources */,
			);
			runOnlyForDeploymentPostprocessing = 0;
		};
		92487E4E279F2B0700675355 /* Resources */ = {
			isa = PBXResourcesBuildPhase;
			buildActionMask = 2147483647;
			files = (
			);
			runOnlyForDeploymentPostprocessing = 0;
		};
		92487E58279F2B0700675355 /* Resources */ = {
			isa = PBXResourcesBuildPhase;
			buildActionMask = 2147483647;
			files = (
			);
			runOnlyForDeploymentPostprocessing = 0;
		};
/* End PBXResourcesBuildPhase section */

/* Begin PBXSourcesBuildPhase section */
		92487E3C279F2B0400675355 /* Sources */ = {
			isa = PBXSourcesBuildPhase;
			buildActionMask = 2147483647;
			files = (
				92487E46279F2B0400675355 /* DivisionsView.swift in Sources */,
				92487E7527A0B20800675355 /* Date.swift in Sources */,
				926EF90A27A9C3CE00BA0010 /* RootTabView.swift in Sources */,
				926EF91827B5392900BA0010 /* FileManager.swift in Sources */,
				926EF91227AC5DE400BA0010 /* StudentAbsence.swift in Sources */,
				92487E70279F469600675355 /* Student.swift in Sources */,
				926EF91027AC5B8600BA0010 /* AbsenceItem.swift in Sources */,
				926EF90C27A9C48D00BA0010 /* StatisticsView.swift in Sources */,
				92487E72279F472200675355 /* Division.swift in Sources */,
				92487E44279F2B0400675355 /* AbsenceRecorder.swift in Sources */,
				92487E7727A0B6BF00675355 /* DivisionItem.swift in Sources */,
				926EF90827A9C2A200BA0010 /* AbsenceView.swift in Sources */,
				926EF91427AC60CE00BA0010 /* Absence.swift in Sources */,
				926EF90E27A9C5FF00BA0010 /* StateController.swift in Sources */,
			);
			runOnlyForDeploymentPostprocessing = 0;
		};
		92487E4C279F2B0700675355 /* Sources */ = {
			isa = PBXSourcesBuildPhase;
			buildActionMask = 2147483647;
			files = (
				926EF91627AD4D9F00BA0010 /* DivisionTests.swift in Sources */,
				92487E55279F2B0700675355 /* AbsenceRecorderTests.swift in Sources */,
			);
			runOnlyForDeploymentPostprocessing = 0;
		};
		92487E56279F2B0700675355 /* Sources */ = {
			isa = PBXSourcesBuildPhase;
			buildActionMask = 2147483647;
			files = (
				92487E61279F2B0700675355 /* AbsenceRecorderUITestsLaunchTests.swift in Sources */,
				92487E5F279F2B0700675355 /* AbsenceRecorderUITests.swift in Sources */,
			);
			runOnlyForDeploymentPostprocessing = 0;
		};
/* End PBXSourcesBuildPhase section */

/* Begin PBXTargetDependency section */
		92487E52279F2B0700675355 /* PBXTargetDependency */ = {
			isa = PBXTargetDependency;
			target = 92487E3F279F2B0400675355 /* AbsenceRecorder */;
			targetProxy = 92487E51279F2B0700675355 /* PBXContainerItemProxy */;
		};
		92487E5C279F2B0700675355 /* PBXTargetDependency */ = {
			isa = PBXTargetDependency;
			target = 92487E3F279F2B0400675355 /* AbsenceRecorder */;
			targetProxy = 92487E5B279F2B0700675355 /* PBXContainerItemProxy */;
		};
/* End PBXTargetDependency section */

/* Begin XCBuildConfiguration section */
		92487E62279F2B0700675355 /* Debug */ = {
			isa = XCBuildConfiguration;
			buildSettings = {
				ALWAYS_SEARCH_USER_PATHS = NO;
				CLANG_ANALYZER_NONNULL = YES;
				CLANG_ANALYZER_NUMBER_OBJECT_CONVERSION = YES_AGGRESSIVE;
				CLANG_CXX_LANGUAGE_STANDARD = "gnu++17";
				CLANG_CXX_LIBRARY = "libc++";
				CLANG_ENABLE_MODULES = YES;
				CLANG_ENABLE_OBJC_ARC = YES;
				CLANG_ENABLE_OBJC_WEAK = YES;
				CLANG_WARN_BLOCK_CAPTURE_AUTORELEASING = YES;
				CLANG_WARN_BOOL_CONVERSION = YES;
				CLANG_WARN_COMMA = YES;
				CLANG_WARN_CONSTANT_CONVERSION = YES;
				CLANG_WARN_DEPRECATED_OBJC_IMPLEMENTATIONS = YES;
				CLANG_WARN_DIRECT_OBJC_ISA_USAGE = YES_ERROR;
				CLANG_WARN_DOCUMENTATION_COMMENTS = YES;
				CLANG_WARN_EMPTY_BODY = YES;
				CLANG_WARN_ENUM_CONVERSION = YES;
				CLANG_WARN_INFINITE_RECURSION = YES;
				CLANG_WARN_INT_CONVERSION = YES;
				CLANG_WARN_NON_LITERAL_NULL_CONVERSION = YES;
				CLANG_WARN_OBJC_IMPLICIT_RETAIN_SELF = YES;
				CLANG_WARN_OBJC_LITERAL_CONVERSION = YES;
				CLANG_WARN_OBJC_ROOT_CLASS = YES_ERROR;
				CLANG_WARN_QUOTED_INCLUDE_IN_FRAMEWORK_HEADER = YES;
				CLANG_WARN_RANGE_LOOP_ANALYSIS = YES;
				CLANG_WARN_STRICT_PROTOTYPES = YES;
				CLANG_WARN_SUSPICIOUS_MOVE = YES;
				CLANG_WARN_UNGUARDED_AVAILABILITY = YES_AGGRESSIVE;
				CLANG_WARN_UNREACHABLE_CODE = YES;
				CLANG_WARN__DUPLICATE_METHOD_MATCH = YES;
				COPY_PHASE_STRIP = NO;
				DEBUG_INFORMATION_FORMAT = dwarf;
				ENABLE_STRICT_OBJC_MSGSEND = YES;
				ENABLE_TESTABILITY = YES;
				GCC_C_LANGUAGE_STANDARD = gnu11;
				GCC_DYNAMIC_NO_PIC = NO;
				GCC_NO_COMMON_BLOCKS = YES;
				GCC_OPTIMIZATION_LEVEL = 0;
				GCC_PREPROCESSOR_DEFINITIONS = (
					"DEBUG=1",
					"$(inherited)",
				);
				GCC_WARN_64_TO_32_BIT_CONVERSION = YES;
				GCC_WARN_ABOUT_RETURN_TYPE = YES_ERROR;
				GCC_WARN_UNDECLARED_SELECTOR = YES;
				GCC_WARN_UNINITIALIZED_AUTOS = YES_AGGRESSIVE;
				GCC_WARN_UNUSED_FUNCTION = YES;
				GCC_WARN_UNUSED_VARIABLE = YES;
				IPHONEOS_DEPLOYMENT_TARGET = 15.0;
				MTL_ENABLE_DEBUG_INFO = INCLUDE_SOURCE;
				MTL_FAST_MATH = YES;
				ONLY_ACTIVE_ARCH = YES;
				SDKROOT = iphoneos;
				SWIFT_ACTIVE_COMPILATION_CONDITIONS = DEBUG;
				SWIFT_OPTIMIZATION_LEVEL = "-Onone";
			};
			name = Debug;
		};
		92487E63279F2B0700675355 /* Release */ = {
			isa = XCBuildConfiguration;
			buildSettings = {
				ALWAYS_SEARCH_USER_PATHS = NO;
				CLANG_ANALYZER_NONNULL = YES;
				CLANG_ANALYZER_NUMBER_OBJECT_CONVERSION = YES_AGGRESSIVE;
				CLANG_CXX_LANGUAGE_STANDARD = "gnu++17";
				CLANG_CXX_LIBRARY = "libc++";
				CLANG_ENABLE_MODULES = YES;
				CLANG_ENABLE_OBJC_ARC = YES;
				CLANG_ENABLE_OBJC_WEAK = YES;
				CLANG_WARN_BLOCK_CAPTURE_AUTORELEASING = YES;
				CLANG_WARN_BOOL_CONVERSION = YES;
				CLANG_WARN_COMMA = YES;
				CLANG_WARN_CONSTANT_CONVERSION = YES;
				CLANG_WARN_DEPRECATED_OBJC_IMPLEMENTATIONS = YES;
				CLANG_WARN_DIRECT_OBJC_ISA_USAGE = YES_ERROR;
				CLANG_WARN_DOCUMENTATION_COMMENTS = YES;
				CLANG_WARN_EMPTY_BODY = YES;
				CLANG_WARN_ENUM_CONVERSION = YES;
				CLANG_WARN_INFINITE_RECURSION = YES;
				CLANG_WARN_INT_CONVERSION = YES;
				CLANG_WARN_NON_LITERAL_NULL_CONVERSION = YES;
				CLANG_WARN_OBJC_IMPLICIT_RETAIN_SELF = YES;
				CLANG_WARN_OBJC_LITERAL_CONVERSION = YES;
				CLANG_WARN_OBJC_ROOT_CLASS = YES_ERROR;
				CLANG_WARN_QUOTED_INCLUDE_IN_FRAMEWORK_HEADER = YES;
				CLANG_WARN_RANGE_LOOP_ANALYSIS = YES;
				CLANG_WARN_STRICT_PROTOTYPES = YES;
				CLANG_WARN_SUSPICIOUS_MOVE = YES;
				CLANG_WARN_UNGUARDED_AVAILABILITY = YES_AGGRESSIVE;
				CLANG_WARN_UNREACHABLE_CODE = YES;
				CLANG_WARN__DUPLICATE_METHOD_MATCH = YES;
				COPY_PHASE_STRIP = NO;
				DEBUG_INFORMATION_FORMAT = "dwarf-with-dsym";
				ENABLE_NS_ASSERTIONS = NO;
				ENABLE_STRICT_OBJC_MSGSEND = YES;
				GCC_C_LANGUAGE_STANDARD = gnu11;
				GCC_NO_COMMON_BLOCKS = YES;
				GCC_WARN_64_TO_32_BIT_CONVERSION = YES;
				GCC_WARN_ABOUT_RETURN_TYPE = YES_ERROR;
				GCC_WARN_UNDECLARED_SELECTOR = YES;
				GCC_WARN_UNINITIALIZED_AUTOS = YES_AGGRESSIVE;
				GCC_WARN_UNUSED_FUNCTION = YES;
				GCC_WARN_UNUSED_VARIABLE = YES;
				IPHONEOS_DEPLOYMENT_TARGET = 15.0;
				MTL_ENABLE_DEBUG_INFO = NO;
				MTL_FAST_MATH = YES;
				SDKROOT = iphoneos;
				SWIFT_COMPILATION_MODE = wholemodule;
				SWIFT_OPTIMIZATION_LEVEL = "-O";
				VALIDATE_PRODUCT = YES;
			};
			name = Release;
		};
		92487E65279F2B0700675355 /* Debug */ = {
			isa = XCBuildConfiguration;
			buildSettings = {
				ASSETCATALOG_COMPILER_APPICON_NAME = AppIcon;
				ASSETCATALOG_COMPILER_GLOBAL_ACCENT_COLOR_NAME = AccentColor;
				CODE_SIGN_STYLE = Automatic;
				CURRENT_PROJECT_VERSION = 1;
				DEVELOPMENT_ASSET_PATHS = "\"AbsenceRecorder/Preview Content\"";
				DEVELOPMENT_TEAM = K3Q6372L45;
				ENABLE_PREVIEWS = YES;
				GENERATE_INFOPLIST_FILE = YES;
				INFOPLIST_KEY_UIApplicationSceneManifest_Generation = YES;
				INFOPLIST_KEY_UIApplicationSupportsIndirectInputEvents = YES;
				INFOPLIST_KEY_UILaunchScreen_Generation = YES;
				INFOPLIST_KEY_UISupportedInterfaceOrientations_iPad = "UIInterfaceOrientationPortrait UIInterfaceOrientationPortraitUpsideDown UIInterfaceOrientationLandscapeLeft UIInterfaceOrientationLandscapeRight";
				INFOPLIST_KEY_UISupportedInterfaceOrientations_iPhone = "UIInterfaceOrientationPortrait UIInterfaceOrientationLandscapeLeft UIInterfaceOrientationLandscapeRight";
				IPHONEOS_DEPLOYMENT_TARGET = 14.0;
				LD_RUNPATH_SEARCH_PATHS = (
					"$(inherited)",
					"@executable_path/Frameworks",
				);
				MARKETING_VERSION = 1.0;
				PRODUCT_BUNDLE_IDENTIFIER = com.nhodson157.AbsenceRecorder;
				PRODUCT_NAME = "$(TARGET_NAME)";
				SWIFT_EMIT_LOC_STRINGS = YES;
				SWIFT_VERSION = 5.0;
				TARGETED_DEVICE_FAMILY = "1,2";
			};
			name = Debug;
		};
		92487E66279F2B0700675355 /* Release */ = {
			isa = XCBuildConfiguration;
			buildSettings = {
				ASSETCATALOG_COMPILER_APPICON_NAME = AppIcon;
				ASSETCATALOG_COMPILER_GLOBAL_ACCENT_COLOR_NAME = AccentColor;
				CODE_SIGN_STYLE = Automatic;
				CURRENT_PROJECT_VERSION = 1;
				DEVELOPMENT_ASSET_PATHS = "\"AbsenceRecorder/Preview Content\"";
				DEVELOPMENT_TEAM = K3Q6372L45;
				ENABLE_PREVIEWS = YES;
				GENERATE_INFOPLIST_FILE = YES;
				INFOPLIST_KEY_UIApplicationSceneManifest_Generation = YES;
				INFOPLIST_KEY_UIApplicationSupportsIndirectInputEvents = YES;
				INFOPLIST_KEY_UILaunchScreen_Generation = YES;
				INFOPLIST_KEY_UISupportedInterfaceOrientations_iPad = "UIInterfaceOrientationPortrait UIInterfaceOrientationPortraitUpsideDown UIInterfaceOrientationLandscapeLeft UIInterfaceOrientationLandscapeRight";
				INFOPLIST_KEY_UISupportedInterfaceOrientations_iPhone = "UIInterfaceOrientationPortrait UIInterfaceOrientationLandscapeLeft UIInterfaceOrientationLandscapeRight";
				IPHONEOS_DEPLOYMENT_TARGET = 14.0;
				LD_RUNPATH_SEARCH_PATHS = (
					"$(inherited)",
					"@executable_path/Frameworks",
				);
				MARKETING_VERSION = 1.0;
				PRODUCT_BUNDLE_IDENTIFIER = com.nhodson157.AbsenceRecorder;
				PRODUCT_NAME = "$(TARGET_NAME)";
				SWIFT_EMIT_LOC_STRINGS = YES;
				SWIFT_VERSION = 5.0;
				TARGETED_DEVICE_FAMILY = "1,2";
			};
			name = Release;
		};
		92487E68279F2B0700675355 /* Debug */ = {
			isa = XCBuildConfiguration;
			buildSettings = {
				ALWAYS_EMBED_SWIFT_STANDARD_LIBRARIES = YES;
				BUNDLE_LOADER = "$(TEST_HOST)";
				CODE_SIGN_STYLE = Automatic;
				CURRENT_PROJECT_VERSION = 1;
				DEVELOPMENT_TEAM = K3Q6372L45;
				GENERATE_INFOPLIST_FILE = YES;
				IPHONEOS_DEPLOYMENT_TARGET = 14.0;
				LD_RUNPATH_SEARCH_PATHS = (
					"$(inherited)",
					"@executable_path/Frameworks",
					"@loader_path/Frameworks",
				);
				MARKETING_VERSION = 1.0;
				PRODUCT_BUNDLE_IDENTIFIER = com.nhodson157.AbsenceRecorderTests;
				PRODUCT_NAME = "$(TARGET_NAME)";
				SWIFT_EMIT_LOC_STRINGS = NO;
				SWIFT_VERSION = 5.0;
				TARGETED_DEVICE_FAMILY = "1,2";
				TEST_HOST = "$(BUILT_PRODUCTS_DIR)/AbsenceRecorder.app/AbsenceRecorder";
			};
			name = Debug;
		};
		92487E69279F2B0700675355 /* Release */ = {
			isa = XCBuildConfiguration;
			buildSettings = {
				ALWAYS_EMBED_SWIFT_STANDARD_LIBRARIES = YES;
				BUNDLE_LOADER = "$(TEST_HOST)";
				CODE_SIGN_STYLE = Automatic;
				CURRENT_PROJECT_VERSION = 1;
				DEVELOPMENT_TEAM = K3Q6372L45;
				GENERATE_INFOPLIST_FILE = YES;
				IPHONEOS_DEPLOYMENT_TARGET = 14.0;
				LD_RUNPATH_SEARCH_PATHS = (
					"$(inherited)",
					"@executable_path/Frameworks",
					"@loader_path/Frameworks",
				);
				MARKETING_VERSION = 1.0;
				PRODUCT_BUNDLE_IDENTIFIER = com.nhodson157.AbsenceRecorderTests;
				PRODUCT_NAME = "$(TARGET_NAME)";
				SWIFT_EMIT_LOC_STRINGS = NO;
				SWIFT_VERSION = 5.0;
				TARGETED_DEVICE_FAMILY = "1,2";
				TEST_HOST = "$(BUILT_PRODUCTS_DIR)/AbsenceRecorder.app/AbsenceRecorder";
			};
			name = Release;
		};
		92487E6B279F2B0700675355 /* Debug */ = {
			isa = XCBuildConfiguration;
			buildSettings = {
				ALWAYS_EMBED_SWIFT_STANDARD_LIBRARIES = YES;
				CODE_SIGN_STYLE = Automatic;
				CURRENT_PROJECT_VERSION = 1;
				DEVELOPMENT_TEAM = K3Q6372L45;
				GENERATE_INFOPLIST_FILE = YES;
				LD_RUNPATH_SEARCH_PATHS = (
					"$(inherited)",
					"@executable_path/Frameworks",
					"@loader_path/Frameworks",
				);
				MARKETING_VERSION = 1.0;
				PRODUCT_BUNDLE_IDENTIFIER = com.nhodson157.AbsenceRecorderUITests;
				PRODUCT_NAME = "$(TARGET_NAME)";
				SWIFT_EMIT_LOC_STRINGS = NO;
				SWIFT_VERSION = 5.0;
				TARGETED_DEVICE_FAMILY = "1,2";
				TEST_TARGET_NAME = AbsenceRecorder;
			};
			name = Debug;
		};
		92487E6C279F2B0700675355 /* Release */ = {
			isa = XCBuildConfiguration;
			buildSettings = {
				ALWAYS_EMBED_SWIFT_STANDARD_LIBRARIES = YES;
				CODE_SIGN_STYLE = Automatic;
				CURRENT_PROJECT_VERSION = 1;
				DEVELOPMENT_TEAM = K3Q6372L45;
				GENERATE_INFOPLIST_FILE = YES;
				LD_RUNPATH_SEARCH_PATHS = (
					"$(inherited)",
					"@executable_path/Frameworks",
					"@loader_path/Frameworks",
				);
				MARKETING_VERSION = 1.0;
				PRODUCT_BUNDLE_IDENTIFIER = com.nhodson157.AbsenceRecorderUITests;
				PRODUCT_NAME = "$(TARGET_NAME)";
				SWIFT_EMIT_LOC_STRINGS = NO;
				SWIFT_VERSION = 5.0;
				TARGETED_DEVICE_FAMILY = "1,2";
				TEST_TARGET_NAME = AbsenceRecorder;
			};
			name = Release;
		};
/* End XCBuildConfiguration section */

/* Begin XCConfigurationList section */
		92487E3B279F2B0400675355 /* Build configuration list for PBXProject "AbsenceRecorder" */ = {
			isa = XCConfigurationList;
			buildConfigurations = (
				92487E62279F2B0700675355 /* Debug */,
				92487E63279F2B0700675355 /* Release */,
			);
			defaultConfigurationIsVisible = 0;
			defaultConfigurationName = Release;
		};
		92487E64279F2B0700675355 /* Build configuration list for PBXNativeTarget "AbsenceRecorder" */ = {
			isa = XCConfigurationList;
			buildConfigurations = (
				92487E65279F2B0700675355 /* Debug */,
				92487E66279F2B0700675355 /* Release */,
			);
			defaultConfigurationIsVisible = 0;
			defaultConfigurationName = Release;
		};
		92487E67279F2B0700675355 /* Build configuration list for PBXNativeTarget "AbsenceRecorderTests" */ = {
			isa = XCConfigurationList;
			buildConfigurations = (
				92487E68279F2B0700675355 /* Debug */,
				92487E69279F2B0700675355 /* Release */,
			);
			defaultConfigurationIsVisible = 0;
			defaultConfigurationName = Release;
		};
		92487E6A279F2B0700675355 /* Build configuration list for PBXNativeTarget "AbsenceRecorderUITests" */ = {
			isa = XCConfigurationList;
			buildConfigurations = (
				92487E6B279F2B0700675355 /* Debug */,
				92487E6C279F2B0700675355 /* Release */,
			);
			defaultConfigurationIsVisible = 0;
			defaultConfigurationName = Release;
		};
/* End XCConfigurationList section */
	};
	rootObject = 92487E38279F2B0400675355 /* Project object */;
}
